
Microsoft Visual Studio Solution File, Format Version 12.00
# Visual Studio Version 16
VisualStudioVersion = 16.0.30611.23
MinimumVisualStudioVersion = 10.0.40219.1
Project("{FAE04EC0-301F-11D3-BF4B-00C04F79EFBC}") = "Webdev", "Webdev\Webdev.csproj", "{B0A9F229-5A43-42E2-BF56-BB826F3C42B9}"
EndProject
Global
	GlobalSection(SolutionConfigurationPlatforms) = preSolution
		Debug|Any CPU = Debug|Any CPU
		Release|Any CPU = Release|Any CPU
	EndGlobalSection
	GlobalSection(ProjectConfigurationPlatforms) = postSolution
		{B0A9F229-5A43-42E2-BF56-BB826F3C42B9}.Debug|Any CPU.ActiveCfg = Debug|Any CPU
		{B0A9F229-5A43-42E2-BF56-BB826F3C42B9}.Debug|Any CPU.Build.0 = Debug|Any CPU
		{B0A9F229-5A43-42E2-BF56-BB826F3C42B9}.Release|Any CPU.ActiveCfg = Release|Any CPU
		{B0A9F229-5A43-42E2-BF56-BB826F3C42B9}.Release|Any CPU.Build.0 = Release|Any CPU
	EndGlobalSection
	GlobalSection(SolutionProperties) = preSolution
		HideSolutionNode = FALSE
	EndGlobalSection
	GlobalSection(ExtensibilityGlobals) = postSolution
		SolutionGuid = {3A503071-84DC-4350-A2B5-652743A1222C}
	EndGlobalSection
EndGlobal
